
Microsoft Visual Studio Solution File, Format Version 12.00
# Visual Studio Version 17
VisualStudioVersion = 17.13.35931.197
MinimumVisualStudioVersion = 10.0.40219.1
Project("{FAE04EC0-301F-11D3-BF4B-00C04F79EFBC}") = "Пример цикла while", "Пример цикла while\Пример цикла while.csproj", "{3D70B280-D274-4F04-84C2-6D5E59748781}"
EndProject
Project("{FAE04EC0-301F-11D3-BF4B-00C04F79EFBC}") = "Пример цикла do-while", "Пример цикла do-while\Пример цикла do-while.csproj", "{57790081-BC23-4F5E-9BA7-D32D6A504BC1}"
EndProject
Project("{FAE04EC0-301F-11D3-BF4B-00C04F79EFBC}") = "Пример цикла for", "Пример цикла for\Пример цикла for.csproj", "{DF272F78-A144-49D2-8023-EEF9AAEB7B14}"
EndProject
Project("{FAE04EC0-301F-11D3-BF4B-00C04F79EFBC}") = "while 1.1", "while 1.1\while 1.1.csproj", "{2CB1DD00-A599-463B-B66B-CAA61EE8592E}"
EndProject
Project("{FAE04EC0-301F-11D3-BF4B-00C04F79EFBC}") = "while 1.2", "while 1.2\while 1.2.csproj", "{6583254D-AE16-41D8-984A-9566C7B3DDD8}"
EndProject
Project("{FAE04EC0-301F-11D3-BF4B-00C04F79EFBC}") = "while 1.3", "while 1.3\while 1.3.csproj", "{18C4F1F1-6038-493E-A203-90B9C9DE9B0E}"
EndProject
Project("{FAE04EC0-301F-11D3-BF4B-00C04F79EFBC}") = "while 1.4", "while 1.4\while 1.4.csproj", "{3FAD2A07-3A81-4671-9753-0004B38268E6}"
EndProject
Project("{FAE04EC0-301F-11D3-BF4B-00C04F79EFBC}") = "while 1.5", "while 1.5\while 1.5.csproj", "{2FA0B4E7-5C29-4DCE-BE5B-42D661AFB6ED}"
EndProject
Project("{FAE04EC0-301F-11D3-BF4B-00C04F79EFBC}") = "while 1.6", "while 1.6\while 1.6.csproj", "{9A1DD093-312B-4293-B69E-5E69119BF451}"
EndProject
Project("{FAE04EC0-301F-11D3-BF4B-00C04F79EFBC}") = "do-while 2.1", "do-while 2.1\do-while 2.1.csproj", "{6E1D340B-88C3-423F-9040-536FBF936555}"
EndProject
Project("{FAE04EC0-301F-11D3-BF4B-00C04F79EFBC}") = "do-while 2.2", "do-while 2.2\do-while 2.2.csproj", "{18615292-8AC1-4759-AFEA-577BFAE992C5}"
EndProject
Project("{FAE04EC0-301F-11D3-BF4B-00C04F79EFBC}") = "do-while 2.3", "do-while 2.3\do-while 2.3.csproj", "{4ACCE234-C3E5-4240-AA6E-5B7B5494E472}"
EndProject
Project("{FAE04EC0-301F-11D3-BF4B-00C04F79EFBC}") = "do-while 2.4", "do-while 2.4\do-while 2.4.csproj", "{D05F9501-24B9-4F36-B9CE-66739E985939}"
EndProject
Project("{FAE04EC0-301F-11D3-BF4B-00C04F79EFBC}") = "do-while 2.5", "do-while 2.5\do-while 2.5.csproj", "{4ACFDC01-D564-4E6E-8D83-FFF2AD601C4F}"
EndProject
Project("{FAE04EC0-301F-11D3-BF4B-00C04F79EFBC}") = "for 3.1", "for 3.1\for 3.1.csproj", "{5F73E99B-5171-4D25-8B28-C5A7F834B98C}"
EndProject
Project("{FAE04EC0-301F-11D3-BF4B-00C04F79EFBC}") = "for 3.2", "for 3.2\for 3.2.csproj", "{9F4B062D-8DFE-4905-9A85-D3A5E2631C48}"
EndProject
Project("{FAE04EC0-301F-11D3-BF4B-00C04F79EFBC}") = "for 3.3", "for 3.3\for 3.3.csproj", "{EB038E21-4B10-45A0-920B-5CA769DCA31C}"
EndProject
Project("{FAE04EC0-301F-11D3-BF4B-00C04F79EFBC}") = "for 3.4", "for 3.4\for 3.4.csproj", "{BFE584C8-02FE-46A6-849F-90AB4977D1C0}"
EndProject
Project("{FAE04EC0-301F-11D3-BF4B-00C04F79EFBC}") = "for 3.5", "for 3.5\for 3.5.csproj", "{20F83B76-9739-40DF-88FF-6AC2B3CB2178}"
EndProject
Project("{FAE04EC0-301F-11D3-BF4B-00C04F79EFBC}") = "for 3.6", "for 3.6\for 3.6.csproj", "{25CDBC34-8B55-4856-9B16-220812022A32}"
EndProject
Project("{FAE04EC0-301F-11D3-BF4B-00C04F79EFBC}") = "for 3.7", "for 3.7\for 3.7.csproj", "{0E69D4B4-3D50-488C-84DE-A3BB9545BFF3}"
EndProject
Project("{FAE04EC0-301F-11D3-BF4B-00C04F79EFBC}") = "for 3.8", "for 3.8\for 3.8.csproj", "{6DA6F395-2514-41B2-8059-900B27CE0073}"
EndProject
Project("{FAE04EC0-301F-11D3-BF4B-00C04F79EFBC}") = "for 3.9", "for 3.9\for 3.9.csproj", "{96BB8DD7-6CC7-4830-95D0-6C2C257CD959}"
EndProject
Project("{FAE04EC0-301F-11D3-BF4B-00C04F79EFBC}") = "for 3.10", "for 3.10\for 3.10.csproj", "{083711CF-6424-4025-B0B6-0127317FB34B}"
EndProject
Project("{FAE04EC0-301F-11D3-BF4B-00C04F79EFBC}") = "for 3.11", "for 3.11\for 3.11.csproj", "{2BB1163A-9AF4-4E37-8177-FB894C10F3F9}"
EndProject
Project("{FAE04EC0-301F-11D3-BF4B-00C04F79EFBC}") = "for 3.12", "for 3.12\for 3.12.csproj", "{48591AF3-EE8F-4A65-83D1-76D9C503D1B1}"
EndProject
Project("{FAE04EC0-301F-11D3-BF4B-00C04F79EFBC}") = "for 3.13", "for 3.13\for 3.13.csproj", "{4144859E-11EA-42D5-879D-707DE3AE2BA5}"
EndProject
Project("{FAE04EC0-301F-11D3-BF4B-00C04F79EFBC}") = "for 3.14", "for 3.14\for 3.14.csproj", "{F967250C-C815-4D97-BA6A-57FCF118F0BE}"
EndProject
Project("{FAE04EC0-301F-11D3-BF4B-00C04F79EFBC}") = "for 3.15", "for 3.15\for 3.15.csproj", "{9393003F-7D33-46F3-B7C0-B6B251AAFEA4}"
EndProject
Global
	GlobalSection(SolutionConfigurationPlatforms) = preSolution
		Debug|Any CPU = Debug|Any CPU
		Release|Any CPU = Release|Any CPU
	EndGlobalSection
	GlobalSection(ProjectConfigurationPlatforms) = postSolution
		{3D70B280-D274-4F04-84C2-6D5E59748781}.Debug|Any CPU.ActiveCfg = Debug|Any CPU
		{3D70B280-D274-4F04-84C2-6D5E59748781}.Debug|Any CPU.Build.0 = Debug|Any CPU
		{3D70B280-D274-4F04-84C2-6D5E59748781}.Release|Any CPU.ActiveCfg = Release|Any CPU
		{3D70B280-D274-4F04-84C2-6D5E59748781}.Release|Any CPU.Build.0 = Release|Any CPU
		{57790081-BC23-4F5E-9BA7-D32D6A504BC1}.Debug|Any CPU.ActiveCfg = Debug|Any CPU
		{57790081-BC23-4F5E-9BA7-D32D6A504BC1}.Debug|Any CPU.Build.0 = Debug|Any CPU
		{57790081-BC23-4F5E-9BA7-D32D6A504BC1}.Release|Any CPU.ActiveCfg = Release|Any CPU
		{57790081-BC23-4F5E-9BA7-D32D6A504BC1}.Release|Any CPU.Build.0 = Release|Any CPU
		{DF272F78-A144-49D2-8023-EEF9AAEB7B14}.Debug|Any CPU.ActiveCfg = Debug|Any CPU
		{DF272F78-A144-49D2-8023-EEF9AAEB7B14}.Debug|Any CPU.Build.0 = Debug|Any CPU
		{DF272F78-A144-49D2-8023-EEF9AAEB7B14}.Release|Any CPU.ActiveCfg = Release|Any CPU
		{DF272F78-A144-49D2-8023-EEF9AAEB7B14}.Release|Any CPU.Build.0 = Release|Any CPU
		{2CB1DD00-A599-463B-B66B-CAA61EE8592E}.Debug|Any CPU.ActiveCfg = Debug|Any CPU
		{2CB1DD00-A599-463B-B66B-CAA61EE8592E}.Debug|Any CPU.Build.0 = Debug|Any CPU
		{2CB1DD00-A599-463B-B66B-CAA61EE8592E}.Release|Any CPU.ActiveCfg = Release|Any CPU
		{2CB1DD00-A599-463B-B66B-CAA61EE8592E}.Release|Any CPU.Build.0 = Release|Any CPU
		{6583254D-AE16-41D8-984A-9566C7B3DDD8}.Debug|Any CPU.ActiveCfg = Debug|Any CPU
		{6583254D-AE16-41D8-984A-9566C7B3DDD8}.Debug|Any CPU.Build.0 = Debug|Any CPU
		{6583254D-AE16-41D8-984A-9566C7B3DDD8}.Release|Any CPU.ActiveCfg = Release|Any CPU
		{6583254D-AE16-41D8-984A-9566C7B3DDD8}.Release|Any CPU.Build.0 = Release|Any CPU
		{18C4F1F1-6038-493E-A203-90B9C9DE9B0E}.Debug|Any CPU.ActiveCfg = Debug|Any CPU
		{18C4F1F1-6038-493E-A203-90B9C9DE9B0E}.Debug|Any CPU.Build.0 = Debug|Any CPU
		{18C4F1F1-6038-493E-A203-90B9C9DE9B0E}.Release|Any CPU.ActiveCfg = Release|Any CPU
		{18C4F1F1-6038-493E-A203-90B9C9DE9B0E}.Release|Any CPU.Build.0 = Release|Any CPU
		{3FAD2A07-3A81-4671-9753-0004B38268E6}.Debug|Any CPU.ActiveCfg = Debug|Any CPU
		{3FAD2A07-3A81-4671-9753-0004B38268E6}.Debug|Any CPU.Build.0 = Debug|Any CPU
		{3FAD2A07-3A81-4671-9753-0004B38268E6}.Release|Any CPU.ActiveCfg = Release|Any CPU
		{3FAD2A07-3A81-4671-9753-0004B38268E6}.Release|Any CPU.Build.0 = Release|Any CPU
		{2FA0B4E7-5C29-4DCE-BE5B-42D661AFB6ED}.Debug|Any CPU.ActiveCfg = Debug|Any CPU
		{2FA0B4E7-5C29-4DCE-BE5B-42D661AFB6ED}.Debug|Any CPU.Build.0 = Debug|Any CPU
		{2FA0B4E7-5C29-4DCE-BE5B-42D661AFB6ED}.Release|Any CPU.ActiveCfg = Release|Any CPU
		{2FA0B4E7-5C29-4DCE-BE5B-42D661AFB6ED}.Release|Any CPU.Build.0 = Release|Any CPU
		{9A1DD093-312B-4293-B69E-5E69119BF451}.Debug|Any CPU.ActiveCfg = Debug|Any CPU
		{9A1DD093-312B-4293-B69E-5E69119BF451}.Debug|Any CPU.Build.0 = Debug|Any CPU
		{9A1DD093-312B-4293-B69E-5E69119BF451}.Release|Any CPU.ActiveCfg = Release|Any CPU
		{9A1DD093-312B-4293-B69E-5E69119BF451}.Release|Any CPU.Build.0 = Release|Any CPU
		{6E1D340B-88C3-423F-9040-536FBF936555}.Debug|Any CPU.ActiveCfg = Debug|Any CPU
		{6E1D340B-88C3-423F-9040-536FBF936555}.Debug|Any CPU.Build.0 = Debug|Any CPU
		{6E1D340B-88C3-423F-9040-536FBF936555}.Release|Any CPU.ActiveCfg = Release|Any CPU
		{6E1D340B-88C3-423F-9040-536FBF936555}.Release|Any CPU.Build.0 = Release|Any CPU
		{18615292-8AC1-4759-AFEA-577BFAE992C5}.Debug|Any CPU.ActiveCfg = Debug|Any CPU
		{18615292-8AC1-4759-AFEA-577BFAE992C5}.Debug|Any CPU.Build.0 = Debug|Any CPU
		{18615292-8AC1-4759-AFEA-577BFAE992C5}.Release|Any CPU.ActiveCfg = Release|Any CPU
		{18615292-8AC1-4759-AFEA-577BFAE992C5}.Release|Any CPU.Build.0 = Release|Any CPU
		{4ACCE234-C3E5-4240-AA6E-5B7B5494E472}.Debug|Any CPU.ActiveCfg = Debug|Any CPU
		{4ACCE234-C3E5-4240-AA6E-5B7B5494E472}.Debug|Any CPU.Build.0 = Debug|Any CPU
		{4ACCE234-C3E5-4240-AA6E-5B7B5494E472}.Release|Any CPU.ActiveCfg = Release|Any CPU
		{4ACCE234-C3E5-4240-AA6E-5B7B5494E472}.Release|Any CPU.Build.0 = Release|Any CPU
		{D05F9501-24B9-4F36-B9CE-66739E985939}.Debug|Any CPU.ActiveCfg = Debug|Any CPU
		{D05F9501-24B9-4F36-B9CE-66739E985939}.Debug|Any CPU.Build.0 = Debug|Any CPU
		{D05F9501-24B9-4F36-B9CE-66739E985939}.Release|Any CPU.ActiveCfg = Release|Any CPU
		{D05F9501-24B9-4F36-B9CE-66739E985939}.Release|Any CPU.Build.0 = Release|Any CPU
		{4ACFDC01-D564-4E6E-8D83-FFF2AD601C4F}.Debug|Any CPU.ActiveCfg = Debug|Any CPU
		{4ACFDC01-D564-4E6E-8D83-FFF2AD601C4F}.Debug|Any CPU.Build.0 = Debug|Any CPU
		{4ACFDC01-D564-4E6E-8D83-FFF2AD601C4F}.Release|Any CPU.ActiveCfg = Release|Any CPU
		{4ACFDC01-D564-4E6E-8D83-FFF2AD601C4F}.Release|Any CPU.Build.0 = Release|Any CPU
		{5F73E99B-5171-4D25-8B28-C5A7F834B98C}.Debug|Any CPU.ActiveCfg = Debug|Any CPU
		{5F73E99B-5171-4D25-8B28-C5A7F834B98C}.Debug|Any CPU.Build.0 = Debug|Any CPU
		{5F73E99B-5171-4D25-8B28-C5A7F834B98C}.Release|Any CPU.ActiveCfg = Release|Any CPU
		{5F73E99B-5171-4D25-8B28-C5A7F834B98C}.Release|Any CPU.Build.0 = Release|Any CPU
		{9F4B062D-8DFE-4905-9A85-D3A5E2631C48}.Debug|Any CPU.ActiveCfg = Debug|Any CPU
		{9F4B062D-8DFE-4905-9A85-D3A5E2631C48}.Debug|Any CPU.Build.0 = Debug|Any CPU
		{9F4B062D-8DFE-4905-9A85-D3A5E2631C48}.Release|Any CPU.ActiveCfg = Release|Any CPU
		{9F4B062D-8DFE-4905-9A85-D3A5E2631C48}.Release|Any CPU.Build.0 = Release|Any CPU
		{EB038E21-4B10-45A0-920B-5CA769DCA31C}.Debug|Any CPU.ActiveCfg = Debug|Any CPU
		{EB038E21-4B10-45A0-920B-5CA769DCA31C}.Debug|Any CPU.Build.0 = Debug|Any CPU
		{EB038E21-4B10-45A0-920B-5CA769DCA31C}.Release|Any CPU.ActiveCfg = Release|Any CPU
		{EB038E21-4B10-45A0-920B-5CA769DCA31C}.Release|Any CPU.Build.0 = Release|Any CPU
		{BFE584C8-02FE-46A6-849F-90AB4977D1C0}.Debug|Any CPU.ActiveCfg = Debug|Any CPU
		{BFE584C8-02FE-46A6-849F-90AB4977D1C0}.Debug|Any CPU.Build.0 = Debug|Any CPU
		{BFE584C8-02FE-46A6-849F-90AB4977D1C0}.Release|Any CPU.ActiveCfg = Release|Any CPU
		{BFE584C8-02FE-46A6-849F-90AB4977D1C0}.Release|Any CPU.Build.0 = Release|Any CPU
		{20F83B76-9739-40DF-88FF-6AC2B3CB2178}.Debug|Any CPU.ActiveCfg = Debug|Any CPU
		{20F83B76-9739-40DF-88FF-6AC2B3CB2178}.Debug|Any CPU.Build.0 = Debug|Any CPU
		{20F83B76-9739-40DF-88FF-6AC2B3CB2178}.Release|Any CPU.ActiveCfg = Release|Any CPU
		{20F83B76-9739-40DF-88FF-6AC2B3CB2178}.Release|Any CPU.Build.0 = Release|Any CPU
		{25CDBC34-8B55-4856-9B16-220812022A32}.Debug|Any CPU.ActiveCfg = Debug|Any CPU
		{25CDBC34-8B55-4856-9B16-220812022A32}.Debug|Any CPU.Build.0 = Debug|Any CPU
		{25CDBC34-8B55-4856-9B16-220812022A32}.Release|Any CPU.ActiveCfg = Release|Any CPU
		{25CDBC34-8B55-4856-9B16-220812022A32}.Release|Any CPU.Build.0 = Release|Any CPU
		{0E69D4B4-3D50-488C-84DE-A3BB9545BFF3}.Debug|Any CPU.ActiveCfg = Debug|Any CPU
		{0E69D4B4-3D50-488C-84DE-A3BB9545BFF3}.Debug|Any CPU.Build.0 = Debug|Any CPU
		{0E69D4B4-3D50-488C-84DE-A3BB9545BFF3}.Release|Any CPU.ActiveCfg = Release|Any CPU
		{0E69D4B4-3D50-488C-84DE-A3BB9545BFF3}.Release|Any CPU.Build.0 = Release|Any CPU
		{6DA6F395-2514-41B2-8059-900B27CE0073}.Debug|Any CPU.ActiveCfg = Debug|Any CPU
		{6DA6F395-2514-41B2-8059-900B27CE0073}.Debug|Any CPU.Build.0 = Debug|Any CPU
		{6DA6F395-2514-41B2-8059-900B27CE0073}.Release|Any CPU.ActiveCfg = Release|Any CPU
		{6DA6F395-2514-41B2-8059-900B27CE0073}.Release|Any CPU.Build.0 = Release|Any CPU
		{96BB8DD7-6CC7-4830-95D0-6C2C257CD959}.Debug|Any CPU.ActiveCfg = Debug|Any CPU
		{96BB8DD7-6CC7-4830-95D0-6C2C257CD959}.Debug|Any CPU.Build.0 = Debug|Any CPU
		{96BB8DD7-6CC7-4830-95D0-6C2C257CD959}.Release|Any CPU.ActiveCfg = Release|Any CPU
		{96BB8DD7-6CC7-4830-95D0-6C2C257CD959}.Release|Any CPU.Build.0 = Release|Any CPU
		{083711CF-6424-4025-B0B6-0127317FB34B}.Debug|Any CPU.ActiveCfg = Debug|Any CPU
		{083711CF-6424-4025-B0B6-0127317FB34B}.Debug|Any CPU.Build.0 = Debug|Any CPU
		{083711CF-6424-4025-B0B6-0127317FB34B}.Release|Any CPU.ActiveCfg = Release|Any CPU
		{083711CF-6424-4025-B0B6-0127317FB34B}.Release|Any CPU.Build.0 = Release|Any CPU
		{2BB1163A-9AF4-4E37-8177-FB894C10F3F9}.Debug|Any CPU.ActiveCfg = Debug|Any CPU
		{2BB1163A-9AF4-4E37-8177-FB894C10F3F9}.Debug|Any CPU.Build.0 = Debug|Any CPU
		{2BB1163A-9AF4-4E37-8177-FB894C10F3F9}.Release|Any CPU.ActiveCfg = Release|Any CPU
		{2BB1163A-9AF4-4E37-8177-FB894C10F3F9}.Release|Any CPU.Build.0 = Release|Any CPU
		{48591AF3-EE8F-4A65-83D1-76D9C503D1B1}.Debug|Any CPU.ActiveCfg = Debug|Any CPU
		{48591AF3-EE8F-4A65-83D1-76D9C503D1B1}.Debug|Any CPU.Build.0 = Debug|Any CPU
		{48591AF3-EE8F-4A65-83D1-76D9C503D1B1}.Release|Any CPU.ActiveCfg = Release|Any CPU
		{48591AF3-EE8F-4A65-83D1-76D9C503D1B1}.Release|Any CPU.Build.0 = Release|Any CPU
		{4144859E-11EA-42D5-879D-707DE3AE2BA5}.Debug|Any CPU.ActiveCfg = Debug|Any CPU
		{4144859E-11EA-42D5-879D-707DE3AE2BA5}.Debug|Any CPU.Build.0 = Debug|Any CPU
		{4144859E-11EA-42D5-879D-707DE3AE2BA5}.Release|Any CPU.ActiveCfg = Release|Any CPU
		{4144859E-11EA-42D5-879D-707DE3AE2BA5}.Release|Any CPU.Build.0 = Release|Any CPU
		{F967250C-C815-4D97-BA6A-57FCF118F0BE}.Debug|Any CPU.ActiveCfg = Debug|Any CPU
		{F967250C-C815-4D97-BA6A-57FCF118F0BE}.Debug|Any CPU.Build.0 = Debug|Any CPU
		{F967250C-C815-4D97-BA6A-57FCF118F0BE}.Release|Any CPU.ActiveCfg = Release|Any CPU
		{F967250C-C815-4D97-BA6A-57FCF118F0BE}.Release|Any CPU.Build.0 = Release|Any CPU
		{9393003F-7D33-46F3-B7C0-B6B251AAFEA4}.Debug|Any CPU.ActiveCfg = Debug|Any CPU
		{9393003F-7D33-46F3-B7C0-B6B251AAFEA4}.Debug|Any CPU.Build.0 = Debug|Any CPU
		{9393003F-7D33-46F3-B7C0-B6B251AAFEA4}.Release|Any CPU.ActiveCfg = Release|Any CPU
		{9393003F-7D33-46F3-B7C0-B6B251AAFEA4}.Release|Any CPU.Build.0 = Release|Any CPU
	EndGlobalSection
	GlobalSection(SolutionProperties) = preSolution
		HideSolutionNode = FALSE
	EndGlobalSection
	GlobalSection(ExtensibilityGlobals) = postSolution
		SolutionGuid = {D613C0F3-980C-4C8B-9374-DE8ADBBB3279}
	EndGlobalSection
EndGlobal
